{
  "name": "@ruflo/federation-execution-proof",
  "version": "0.1.0",
  "lockfileVersion": 3,
  "requires": true,
  "packages": {
    "": {
      "name": "@ruflo/federation-execution-proof",
      "version": "0.1.0",
      "dependencies": {
        "@ruvector/core": "0.1.32",
        "nostr-tools": "2.25.2"
      },
      "engines": {
        "node": ">=22.18.0"
      }
    },
    "node_modules/@noble/ciphers": {
      "version": "2.1.1",
      "resolved": "https://registry.npmjs.org/@noble/ciphers/-/ciphers-2.1.1.tgz",
      "integrity": "sha512-bysYuiVfhxNJuldNXlFEitTVdNnYUc+XNJZd7Qm2a5j1vZHgY+fazadNFWFaMK/2vye0JVlxV3gHmC0WDfAOQw==",
      "license": "MIT",
      "engines": {
        "node": ">= 20.19.0"
      },
      "funding": {
        "url": "https://paulmillr.com/funding/"
      }
    },
    "node_modules/@noble/curves": {
      "version": "2.0.1",
      "resolved": "https://registry.npmjs.org/@noble/curves/-/curves-2.0.1.tgz",
      "integrity": "sha512-vs1Az2OOTBiP4q0pwjW5aF0xp9n4MxVrmkFBxc6EKZc6ddYx5gaZiAsZoq0uRRXWbi3AT/sBqn05eRPtn1JCPw==",
      "license": "MIT",
      "dependencies": {
        "@noble/hashes": "2.0.1"
      },
      "engines": {
        "node": ">= 20.19.0"
      },
      "funding": {
        "url": "https://paulmillr.com/funding/"
      }
    },
    "node_modules/@noble/hashes": {
      "version": "2.0.1",
      "resolved": "https://registry.npmjs.org/@noble/hashes/-/hashes-2.0.1.tgz",
      "integrity": "sha512-XlOlEbQcE9fmuXxrVTXCTlG2nlRXa9Rj3rr5Ue/+tX+nmkgbX720YHh0VR3hBF9xDvwnb8D2shVGOwNx+ulArw==",
      "license": "MIT",
      "engines": {
        "node": ">= 20.19.0"
      },
      "funding": {
        "url": "https://paulmillr.com/funding/"
      }
    },
    "node_modules/@ruvector/core": {
      "version": "0.1.32",
      "resolved": "https://registry.npmjs.org/@ruvector/core/-/core-0.1.32.tgz",
      "integrity": "sha512-tctBcZ9//AXHh6tntaYW3ezHN5aUlhv/kAwJlZgQiwmFhTL8Vl/WqqEQd+Uibdpbo2D2LQI8oRc/pehNFcMq7w==",
      "license": "MIT",
      "engines": {
        "node": ">=18.0.0"
      },
      "optionalDependencies": {
        "ruvector-core-darwin-arm64": "0.1.30",
        "ruvector-core-darwin-x64": "0.1.30",
        "ruvector-core-linux-arm64-gnu": "0.1.30",
        "ruvector-core-linux-x64-gnu": "0.1.30",
        "ruvector-core-win32-x64-msvc": "0.1.30"
      }
    },
    "node_modules/@scure/base": {
      "version": "2.0.0",
      "resolved": "https://registry.npmjs.org/@scure/base/-/base-2.0.0.tgz",
      "integrity": "sha512-3E1kpuZginKkek01ovG8krQ0Z44E3DHPjc5S2rjJw9lZn3KSQOs8S7wqikF/AH7iRanHypj85uGyxk0XAyC37w==",
      "license": "MIT",
      "funding": {
        "url": "https://paulmillr.com/funding/"
      }
    },
    "node_modules/@scure/bip32": {
      "version": "2.0.1",
      "resolved": "https://registry.npmjs.org/@scure/bip32/-/bip32-2.0.1.tgz",
      "integrity": "sha512-4Md1NI5BzoVP+bhyJaY3K6yMesEFzNS1sE/cP+9nuvE7p/b0kx9XbpDHHFl8dHtufcbdHRUUQdRqLIPHN/s7yA==",
      "license": "MIT",
      "dependencies": {
        "@noble/curves": "2.0.1",
        "@noble/hashes": "2.0.1",
        "@scure/base": "2.0.0"
      },
      "funding": {
        "url": "https://paulmillr.com/funding/"
      }
    },
    "node_modules/@scure/bip39": {
      "version": "2.0.1",
      "resolved": "https://registry.npmjs.org/@scure/bip39/-/bip39-2.0.1.tgz",
      "integrity": "sha512-PsxdFj/d2AcJcZDX1FXN3dDgitDDTmwf78rKZq1a6c1P1Nan1X/Sxc7667zU3U+AN60g7SxxP0YCVw2H/hBycg==",
      "license": "MIT",
      "dependencies": {
        "@noble/hashes": "2.0.1",
        "@scure/base": "2.0.0"
      },
      "funding": {
        "url": "https://paulmillr.com/funding/"
      }
    },
    "node_modules/nostr-tools": {
      "version": "2.25.2",
      "resolved": "https://registry.npmjs.org/nostr-tools/-/nostr-tools-2.25.2.tgz",
      "integrity": "sha512-7JAx+brEPmqGz1yzaK9MOxvis/Nl1B38j9hVsBSRDMRmxk5XSc0+5LlPEYbzeiUyk41RURBDcfuMzmaT754HAg==",
      "license": "Unlicense",
      "dependencies": {
        "@noble/ciphers": "2.1.1",
        "@noble/curves": "2.0.1",
        "@noble/hashes": "2.0.1",
        "@scure/base": "2.0.0",
        "@scure/bip32": "2.0.1",
        "@scure/bip39": "2.0.1",
        "nostr-wasm": "0.1.0"
      },
      "peerDependencies": {
        "typescript": ">=5.0.0"
      },
      "peerDependenciesMeta": {
        "typescript": {
          "optional": true
        }
      }
    },
    "node_modules/nostr-wasm": {
      "version": "0.1.0",
      "resolved": "https://registry.npmjs.org/nostr-wasm/-/nostr-wasm-0.1.0.tgz",
      "integrity": "sha512-78BTryCLcLYv96ONU8Ws3Q1JzjlAt+43pWQhIl86xZmWeegYCNLPml7yQ+gG3vR6V5h4XGj+TxO+SS5dsThQIA==",
      "license": "MIT"
    },
    "node_modules/ruvector-core-darwin-arm64": {
      "version": "0.1.30",
      "resolved": "https://registry.npmjs.org/ruvector-core-darwin-arm64/-/ruvector-core-darwin-arm64-0.1.30.tgz",
      "integrity": "sha512-2UxrmErYik+1SU8Qd7hK5tYWZpmS/4P25juNEATzpZoSbtW2MHsgnweytXB3rLDQoL+1IZB5Ov6t+W0wy05jIg==",
      "cpu": [
        "arm64"
      ],
      "license": "MIT",
      "optional": true,
      "os": [
        "darwin"
      ],
      "engines": {
        "node": ">= 18"
      }
    },
    "node_modules/ruvector-core-darwin-x64": {
      "version": "0.1.30",
      "resolved": "https://registry.npmjs.org/ruvector-core-darwin-x64/-/ruvector-core-darwin-x64-0.1.30.tgz",
      "integrity": "sha512-ba0vyYYNB94tS7wkz3oWd1U6dGq1PAxO2skVgJ8tlrX1uxAzmff9rciF9mst5B53DJVkDhmVN/mDyqa6UGnNKg==",
      "cpu": [
        "x64"
      ],
      "license": "MIT",
      "optional": true,
      "os": [
        "darwin"
      ],
      "engines": {
        "node": ">= 18"
      }
    },
    "node_modules/ruvector-core-linux-arm64-gnu": {
      "version": "0.1.30",
      "resolved": "https://registry.npmjs.org/ruvector-core-linux-arm64-gnu/-/ruvector-core-linux-arm64-gnu-0.1.30.tgz",
      "integrity": "sha512-+dLsq9MCv7il60i/7/3BeF3AkT7BGOkCv5P53ljaWBrMdAY1Q0lS75Mb3ze24j2pEcd1tP/X92mHBPjsB6uBGw==",
      "cpu": [
        "arm64"
      ],
      "license": "MIT",
      "optional": true,
      "os": [
        "linux"
      ],
      "engines": {
        "node": ">= 18"
      }
    },
    "node_modules/ruvector-core-linux-x64-gnu": {
      "version": "0.1.30",
      "resolved": "https://registry.npmjs.org/ruvector-core-linux-x64-gnu/-/ruvector-core-linux-x64-gnu-0.1.30.tgz",
      "integrity": "sha512-w4rm2Jakm+tNI1Ogf2S0Nq8ghH8F+tzf0LtrCra1Ox5xCoeDItN6yrGkXCplm4qiKdIVAhzVYdwEoTOYiAbSmA==",
      "cpu": [
        "x64"
      ],
      "license": "MIT",
      "optional": true,
      "os": [
        "linux"
      ],
      "engines": {
        "node": ">= 18"
      }
    },
    "node_modules/ruvector-core-win32-x64-msvc": {
      "version": "0.1.30",
      "resolved": "https://registry.npmjs.org/ruvector-core-win32-x64-msvc/-/ruvector-core-win32-x64-msvc-0.1.30.tgz",
      "integrity": "sha512-tR3gB5AGe8QJyd8Tq/8HPrRBpbYiof3rE8Qxc2jiK4TfFq7egJN3Ak4Q+dknkcqldfOZjVNYrC312lmT+FbF9g==",
      "cpu": [
        "x64"
      ],
      "license": "MIT",
      "optional": true,
      "os": [
        "win32"
      ],
      "engines": {
        "node": ">= 18"
      }
    }
  }
}
